
Microsoft Visual Studio Solution File, Format Version 12.00
# Visual Studio Version 17
VisualStudioVersion = 17.13.35818.85 d17.13
MinimumVisualStudioVersion = 10.0.40219.1
Project("{FAE04EC0-301F-11D3-BF4B-00C04F79EFBC}") = "Study13", "Study13\Study13.csproj", "{73D1C13E-A4A2-4CF4-9F1F-A61FCEE24B34}"
EndProject
Global
	GlobalSection(SolutionConfigurationPlatforms) = preSolution
		Debug|Any CPU = Debug|Any CPU
		Release|Any CPU = Release|Any CPU
	EndGlobalSection
	GlobalSection(ProjectConfigurationPlatforms) = postSolution
		{73D1C13E-A4A2-4CF4-9F1F-A61FCEE24B34}.Debug|Any CPU.ActiveCfg = Debug|Any CPU
		{73D1C13E-A4A2-4CF4-9F1F-A61FCEE24B34}.Debug|Any CPU.Build.0 = Debug|Any CPU
		{73D1C13E-A4A2-4CF4-9F1F-A61FCEE24B34}.Release|Any CPU.ActiveCfg = Release|Any CPU
		{73D1C13E-A4A2-4CF4-9F1F-A61FCEE24B34}.Release|Any CPU.Build.0 = Release|Any CPU
	EndGlobalSection
	GlobalSection(SolutionProperties) = preSolution
		HideSolutionNode = FALSE
	EndGlobalSection
	GlobalSection(ExtensibilityGlobals) = postSolution
		SolutionGuid = {39478C04-FEC3-42ED-9188-2332213AF9C8}
	EndGlobalSection
EndGlobal
