
Microsoft Visual Studio Solution File, Format Version 12.00
# Visual Studio Version 17
VisualStudioVersion = 17.13.35818.85 d17.13
MinimumVisualStudioVersion = 10.0.40219.1
Project("{FAE04EC0-301F-11D3-BF4B-00C04F79EFBC}") = "Study25", "Study25\Study25.csproj", "{D5540C17-7EA2-4884-B6DC-0A52F4E13FD7}"
EndProject
Global
	GlobalSection(SolutionConfigurationPlatforms) = preSolution
		Debug|Any CPU = Debug|Any CPU
		Release|Any CPU = Release|Any CPU
	EndGlobalSection
	GlobalSection(ProjectConfigurationPlatforms) = postSolution
		{D5540C17-7EA2-4884-B6DC-0A52F4E13FD7}.Debug|Any CPU.ActiveCfg = Debug|Any CPU
		{D5540C17-7EA2-4884-B6DC-0A52F4E13FD7}.Debug|Any CPU.Build.0 = Debug|Any CPU
		{D5540C17-7EA2-4884-B6DC-0A52F4E13FD7}.Release|Any CPU.ActiveCfg = Release|Any CPU
		{D5540C17-7EA2-4884-B6DC-0A52F4E13FD7}.Release|Any CPU.Build.0 = Release|Any CPU
	EndGlobalSection
	GlobalSection(SolutionProperties) = preSolution
		HideSolutionNode = FALSE
	EndGlobalSection
	GlobalSection(ExtensibilityGlobals) = postSolution
		SolutionGuid = {85DDB00C-0778-40F4-9921-0D14C4EFF5D8}
	EndGlobalSection
EndGlobal
