
Microsoft Visual Studio Solution File, Format Version 12.00
# Visual Studio Version 17
VisualStudioVersion = 17.13.35818.85 d17.13
MinimumVisualStudioVersion = 10.0.40219.1
Project("{FAE04EC0-301F-11D3-BF4B-00C04F79EFBC}") = "Study32", "Study32\Study32.csproj", "{3BAA94AA-AFEC-4FA5-B3EA-AD7B1F191438}"
EndProject
Global
	GlobalSection(SolutionConfigurationPlatforms) = preSolution
		Debug|Any CPU = Debug|Any CPU
		Release|Any CPU = Release|Any CPU
	EndGlobalSection
	GlobalSection(ProjectConfigurationPlatforms) = postSolution
		{3BAA94AA-AFEC-4FA5-B3EA-AD7B1F191438}.Debug|Any CPU.ActiveCfg = Debug|Any CPU
		{3BAA94AA-AFEC-4FA5-B3EA-AD7B1F191438}.Debug|Any CPU.Build.0 = Debug|Any CPU
		{3BAA94AA-AFEC-4FA5-B3EA-AD7B1F191438}.Release|Any CPU.ActiveCfg = Release|Any CPU
		{3BAA94AA-AFEC-4FA5-B3EA-AD7B1F191438}.Release|Any CPU.Build.0 = Release|Any CPU
	EndGlobalSection
	GlobalSection(SolutionProperties) = preSolution
		HideSolutionNode = FALSE
	EndGlobalSection
	GlobalSection(ExtensibilityGlobals) = postSolution
		SolutionGuid = {3DDDB93A-2A85-4353-BF71-48A479435F86}
	EndGlobalSection
EndGlobal
