
Microsoft Visual Studio Solution File, Format Version 12.00
# Visual Studio Version 17
VisualStudioVersion = 17.13.35818.85 d17.13
MinimumVisualStudioVersion = 10.0.40219.1
Project("{FAE04EC0-301F-11D3-BF4B-00C04F79EFBC}") = "Study16", "Study16\Study16.csproj", "{99B026B9-3C1A-4408-91F6-FDC152BF9FF5}"
EndProject
Global
	GlobalSection(SolutionConfigurationPlatforms) = preSolution
		Debug|Any CPU = Debug|Any CPU
		Release|Any CPU = Release|Any CPU
	EndGlobalSection
	GlobalSection(ProjectConfigurationPlatforms) = postSolution
		{99B026B9-3C1A-4408-91F6-FDC152BF9FF5}.Debug|Any CPU.ActiveCfg = Debug|Any CPU
		{99B026B9-3C1A-4408-91F6-FDC152BF9FF5}.Debug|Any CPU.Build.0 = Debug|Any CPU
		{99B026B9-3C1A-4408-91F6-FDC152BF9FF5}.Release|Any CPU.ActiveCfg = Release|Any CPU
		{99B026B9-3C1A-4408-91F6-FDC152BF9FF5}.Release|Any CPU.Build.0 = Release|Any CPU
	EndGlobalSection
	GlobalSection(SolutionProperties) = preSolution
		HideSolutionNode = FALSE
	EndGlobalSection
	GlobalSection(ExtensibilityGlobals) = postSolution
		SolutionGuid = {7ECBCA70-5D5C-4272-9919-2AE8EDD699FD}
	EndGlobalSection
EndGlobal
