
Microsoft Visual Studio Solution File, Format Version 12.00
# Visual Studio Version 17
VisualStudioVersion = 17.13.35818.85 d17.13
MinimumVisualStudioVersion = 10.0.40219.1
Project("{FAE04EC0-301F-11D3-BF4B-00C04F79EFBC}") = "BrickGame", "BrickGame\BrickGame.csproj", "{A81394B5-FA9B-4605-BC47-4CBCCC14060E}"
EndProject
Global
	GlobalSection(SolutionConfigurationPlatforms) = preSolution
		Debug|Any CPU = Debug|Any CPU
		Release|Any CPU = Release|Any CPU
	EndGlobalSection
	GlobalSection(ProjectConfigurationPlatforms) = postSolution
		{A81394B5-FA9B-4605-BC47-4CBCCC14060E}.Debug|Any CPU.ActiveCfg = Debug|Any CPU
		{A81394B5-FA9B-4605-BC47-4CBCCC14060E}.Debug|Any CPU.Build.0 = Debug|Any CPU
		{A81394B5-FA9B-4605-BC47-4CBCCC14060E}.Release|Any CPU.ActiveCfg = Release|Any CPU
		{A81394B5-FA9B-4605-BC47-4CBCCC14060E}.Release|Any CPU.Build.0 = Release|Any CPU
	EndGlobalSection
	GlobalSection(SolutionProperties) = preSolution
		HideSolutionNode = FALSE
	EndGlobalSection
	GlobalSection(ExtensibilityGlobals) = postSolution
		SolutionGuid = {1BD1D1C2-531D-4A6D-9D5B-044229785206}
	EndGlobalSection
EndGlobal
