
Microsoft Visual Studio Solution File, Format Version 12.00
# Visual Studio Version 17
VisualStudioVersion = 17.13.35818.85 d17.13
MinimumVisualStudioVersion = 10.0.40219.1
Project("{FAE04EC0-301F-11D3-BF4B-00C04F79EFBC}") = "Study28", "Study28\Study28.csproj", "{1667FF8B-8B66-4B5A-969B-D41E7EC00A98}"
EndProject
Global
	GlobalSection(SolutionConfigurationPlatforms) = preSolution
		Debug|Any CPU = Debug|Any CPU
		Release|Any CPU = Release|Any CPU
	EndGlobalSection
	GlobalSection(ProjectConfigurationPlatforms) = postSolution
		{1667FF8B-8B66-4B5A-969B-D41E7EC00A98}.Debug|Any CPU.ActiveCfg = Debug|Any CPU
		{1667FF8B-8B66-4B5A-969B-D41E7EC00A98}.Debug|Any CPU.Build.0 = Debug|Any CPU
		{1667FF8B-8B66-4B5A-969B-D41E7EC00A98}.Release|Any CPU.ActiveCfg = Release|Any CPU
		{1667FF8B-8B66-4B5A-969B-D41E7EC00A98}.Release|Any CPU.Build.0 = Release|Any CPU
	EndGlobalSection
	GlobalSection(SolutionProperties) = preSolution
		HideSolutionNode = FALSE
	EndGlobalSection
	GlobalSection(ExtensibilityGlobals) = postSolution
		SolutionGuid = {2991AAE9-0E53-43AC-8899-999E1825DEA4}
	EndGlobalSection
EndGlobal
