
Microsoft Visual Studio Solution File, Format Version 12.00
# Visual Studio Version 17
VisualStudioVersion = 17.13.35818.85 d17.13
MinimumVisualStudioVersion = 10.0.40219.1
Project("{FAE04EC0-301F-11D3-BF4B-00C04F79EFBC}") = "Task_0306", "Task_0306\Task_0306.csproj", "{3E389E87-80D1-42BB-8523-4E6EFBA2A929}"
EndProject
Global
	GlobalSection(SolutionConfigurationPlatforms) = preSolution
		Debug|Any CPU = Debug|Any CPU
		Release|Any CPU = Release|Any CPU
	EndGlobalSection
	GlobalSection(ProjectConfigurationPlatforms) = postSolution
		{3E389E87-80D1-42BB-8523-4E6EFBA2A929}.Debug|Any CPU.ActiveCfg = Debug|Any CPU
		{3E389E87-80D1-42BB-8523-4E6EFBA2A929}.Debug|Any CPU.Build.0 = Debug|Any CPU
		{3E389E87-80D1-42BB-8523-4E6EFBA2A929}.Release|Any CPU.ActiveCfg = Release|Any CPU
		{3E389E87-80D1-42BB-8523-4E6EFBA2A929}.Release|Any CPU.Build.0 = Release|Any CPU
	EndGlobalSection
	GlobalSection(SolutionProperties) = preSolution
		HideSolutionNode = FALSE
	EndGlobalSection
	GlobalSection(ExtensibilityGlobals) = postSolution
		SolutionGuid = {457B36E4-8DF4-4FE6-B47A-DCB04F9730FA}
	EndGlobalSection
EndGlobal
