
Microsoft Visual Studio Solution File, Format Version 12.00
# Visual Studio Version 17
VisualStudioVersion = 17.13.35818.85 d17.13
MinimumVisualStudioVersion = 10.0.40219.1
Project("{FAE04EC0-301F-11D3-BF4B-00C04F79EFBC}") = "makeupclass_0304", "makeupclass_0304\makeupclass_0304.csproj", "{4612033F-0AF4-497E-BA60-DFC8657B3732}"
EndProject
Global
	GlobalSection(SolutionConfigurationPlatforms) = preSolution
		Debug|Any CPU = Debug|Any CPU
		Release|Any CPU = Release|Any CPU
	EndGlobalSection
	GlobalSection(ProjectConfigurationPlatforms) = postSolution
		{4612033F-0AF4-497E-BA60-DFC8657B3732}.Debug|Any CPU.ActiveCfg = Debug|Any CPU
		{4612033F-0AF4-497E-BA60-DFC8657B3732}.Debug|Any CPU.Build.0 = Debug|Any CPU
		{4612033F-0AF4-497E-BA60-DFC8657B3732}.Release|Any CPU.ActiveCfg = Release|Any CPU
		{4612033F-0AF4-497E-BA60-DFC8657B3732}.Release|Any CPU.Build.0 = Release|Any CPU
	EndGlobalSection
	GlobalSection(SolutionProperties) = preSolution
		HideSolutionNode = FALSE
	EndGlobalSection
	GlobalSection(ExtensibilityGlobals) = postSolution
		SolutionGuid = {9E8BA7C5-FF10-44AC-A814-57B450584345}
	EndGlobalSection
EndGlobal
