
Microsoft Visual Studio Solution File, Format Version 12.00
# Visual Studio Version 17
VisualStudioVersion = 17.13.35818.85 d17.13
MinimumVisualStudioVersion = 10.0.40219.1
Project("{FAE04EC0-301F-11D3-BF4B-00C04F79EFBC}") = "Study39", "Study39\Study39.csproj", "{96E68530-55B9-469C-8393-581A73BFC187}"
EndProject
Global
	GlobalSection(SolutionConfigurationPlatforms) = preSolution
		Debug|Any CPU = Debug|Any CPU
		Release|Any CPU = Release|Any CPU
	EndGlobalSection
	GlobalSection(ProjectConfigurationPlatforms) = postSolution
		{96E68530-55B9-469C-8393-581A73BFC187}.Debug|Any CPU.ActiveCfg = Debug|Any CPU
		{96E68530-55B9-469C-8393-581A73BFC187}.Debug|Any CPU.Build.0 = Debug|Any CPU
		{96E68530-55B9-469C-8393-581A73BFC187}.Release|Any CPU.ActiveCfg = Release|Any CPU
		{96E68530-55B9-469C-8393-581A73BFC187}.Release|Any CPU.Build.0 = Release|Any CPU
	EndGlobalSection
	GlobalSection(SolutionProperties) = preSolution
		HideSolutionNode = FALSE
	EndGlobalSection
	GlobalSection(ExtensibilityGlobals) = postSolution
		SolutionGuid = {11396D20-91A1-4951-AD46-89CE52CE3E4F}
	EndGlobalSection
EndGlobal
