
Microsoft Visual Studio Solution File, Format Version 12.00
# Visual Studio Version 17
VisualStudioVersion = 17.13.35818.85 d17.13
MinimumVisualStudioVersion = 10.0.40219.1
Project("{FAE04EC0-301F-11D3-BF4B-00C04F79EFBC}") = "Study17", "Study17\Study17.csproj", "{83355492-ACEB-43C7-B5C8-3E55F29C4EDC}"
EndProject
Global
	GlobalSection(SolutionConfigurationPlatforms) = preSolution
		Debug|Any CPU = Debug|Any CPU
		Release|Any CPU = Release|Any CPU
	EndGlobalSection
	GlobalSection(ProjectConfigurationPlatforms) = postSolution
		{83355492-ACEB-43C7-B5C8-3E55F29C4EDC}.Debug|Any CPU.ActiveCfg = Debug|Any CPU
		{83355492-ACEB-43C7-B5C8-3E55F29C4EDC}.Debug|Any CPU.Build.0 = Debug|Any CPU
		{83355492-ACEB-43C7-B5C8-3E55F29C4EDC}.Release|Any CPU.ActiveCfg = Release|Any CPU
		{83355492-ACEB-43C7-B5C8-3E55F29C4EDC}.Release|Any CPU.Build.0 = Release|Any CPU
	EndGlobalSection
	GlobalSection(SolutionProperties) = preSolution
		HideSolutionNode = FALSE
	EndGlobalSection
	GlobalSection(ExtensibilityGlobals) = postSolution
		SolutionGuid = {36FC217E-BB7A-4E9D-A4AC-5BA06DD1E611}
	EndGlobalSection
EndGlobal
